Microsoft Visual Studio Solution File, Format Version 12.00
# Visual Studio Version 17
VisualStudioVersion = 17.5.2.0
MinimumVisualStudioVersion = 10.0.40219.1
Project("{FAE04EC0-301F-11D3-BF4B-00C04F79EFBC}") = "MSSA-CSharpCalculator", "MSSA-CSharpCalculator.csproj", "{7D050A2C-99D2-BDAC-2C1D-C49C6A90FD0E}"
EndProject
Global
	GlobalSection(SolutionConfigurationPlatforms) = preSolution
		Debug|Any CPU = Debug|Any CPU
		Release|Any CPU = Release|Any CPU
	EndGlobalSection
	GlobalSection(ProjectConfigurationPlatforms) = postSolution
		{7D050A2C-99D2-BDAC-2C1D-C49C6A90FD0E}.Debug|Any CPU.ActiveCfg = Debug|Any CPU
		{7D050A2C-99D2-BDAC-2C1D-C49C6A90FD0E}.Debug|Any CPU.Build.0 = Debug|Any CPU
		{7D050A2C-99D2-BDAC-2C1D-C49C6A90FD0E}.Release|Any CPU.ActiveCfg = Release|Any CPU
		{7D050A2C-99D2-BDAC-2C1D-C49C6A90FD0E}.Release|Any CPU.Build.0 = Release|Any CPU
	EndGlobalSection
	GlobalSection(SolutionProperties) = preSolution
		HideSolutionNode = FALSE
	EndGlobalSection
	GlobalSection(ExtensibilityGlobals) = postSolution
		SolutionGuid = {4F6A48CA-F438-4EFE-ADF6-3BC8EED82024}
	EndGlobalSection
EndGlobal
